// !$*UTF8*$!
{
	archiveVersion = 1;
	classes = {
	};
	objectVersion = 56;
	objects = {

/* Begin PBXBuildFile section */
		CBA3C3362A06E98A003C066B /* ProyFinalApp.swift in Sources */ = {isa = PBXBuildFile; fileRef = CBA3C3352A06E98A003C066B /* ProyFinalApp.swift */; };
		CBA3C3382A06E98A003C066B /* ContentView.swift in Sources */ = {isa = PBXBuildFile; fileRef = CBA3C3372A06E98A003C066B /* ContentView.swift */; };
		CBA3C33A2A06E98B003C066B /* Assets.xcassets in Resources */ = {isa = PBXBuildFile; fileRef = CBA3C3392A06E98B003C066B /* Assets.xcassets */; };
		CBA3C33D2A06E98B003C066B /* Preview Assets.xcassets in Resources */ = {isa = PBXBuildFile; fileRef = CBA3C33C2A06E98B003C066B /* Preview Assets.xcassets */; };
		CBA3C3472A06E98B003C066B /* ProyFinalTests.swift in Sources */ = {isa = PBXBuildFile; fileRef = CBA3C3462A06E98B003C066B /* ProyFinalTests.swift */; };
		CBA3C3512A06E98B003C066B /* ProyFinalUITests.swift in Sources */ = {isa = PBXBuildFile; fileRef = CBA3C3502A06E98B003C066B /* ProyFinalUITests.swift */; };
		CBA3C3532A06E98B003C066B /* ProyFinalUITestsLaunchTests.swift in Sources */ = {isa = PBXBuildFile; fileRef = CBA3C3522A06E98B003C066B /* ProyFinalUITestsLaunchTests.swift */; };
		CBFA3BCC2A0C1FBC0039B615 /* GoogleService-Info.plist in Resources */ = {isa = PBXBuildFile; fileRef = CBFA3BCB2A0C1FBC0039B615 /* GoogleService-Info.plist */; };
		CBFA3BCF2A0C204A0039B615 /* FirebaseAuth in Frameworks */ = {isa = PBXBuildFile; productRef = CBFA3BCE2A0C204A0039B615 /* FirebaseAuth */; };
		CBFA3BD12A0C204A0039B615 /* FirebaseFirestore in Frameworks */ = {isa = PBXBuildFile; productRef = CBFA3BD02A0C204A0039B615 /* FirebaseFirestore */; };
		CBFA3BD32A0C204A0039B615 /* FirebaseFirestoreSwift in Frameworks */ = {isa = PBXBuildFile; productRef = CBFA3BD22A0C204A0039B615 /* FirebaseFirestoreSwift */; };
/* End PBXBuildFile section */

/* Begin PBXContainerItemProxy section */
		CBA3C3432A06E98B003C066B /* PBXContainerItemProxy */ = {
			isa = PBXContainerItemProxy;
			containerPortal = CBA3C32A2A06E98A003C066B /* Project object */;
			proxyType = 1;
			remoteGlobalIDString = CBA3C3312A06E98A003C066B;
			remoteInfo = ProyFinal;
		};
		CBA3C34D2A06E98B003C066B /* PBXContainerItemProxy */ = {
			isa = PBXContainerItemProxy;
			containerPortal = CBA3C32A2A06E98A003C066B /* Project object */;
			proxyType = 1;
			remoteGlobalIDString = CBA3C3312A06E98A003C066B;
			remoteInfo = ProyFinal;
		};
/* End PBXContainerItemProxy section */

/* Begin PBXFileReference section */
		CBA3C3322A06E98A003C066B /* ProyFinal.app */ = {isa = PBXFileReference; explicitFileType = wrapper.application; includeInIndex = 0; path = ProyFinal.app; sourceTree = BUILT_PRODUCTS_DIR; };
		CBA3C3352A06E98A003C066B /* ProyFinalApp.swift */ = {isa = PBXFileReference; lastKnownFileType = sourcecode.swift; path = ProyFinalApp.swift; sourceTree = "<group>"; };
		CBA3C3372A06E98A003C066B /* ContentView.swift */ = {isa = PBXFileReference; lastKnownFileType = sourcecode.swift; path = ContentView.swift; sourceTree = "<group>"; };
		CBA3C3392A06E98B003C066B /* Assets.xcassets */ = {isa = PBXFileReference; lastKnownFileType = folder.assetcatalog; path = Assets.xcassets; sourceTree = "<group>"; };
		CBA3C33C2A06E98B003C066B /* Preview Assets.xcassets */ = {isa = PBXFileReference; lastKnownFileType = folder.assetcatalog; path = "Preview Assets.xcassets"; sourceTree = "<group>"; };
		CBA3C3422A06E98B003C066B /* ProyFinalTests.xctest */ = {isa = PBXFileReference; explicitFileType = wrapper.cfbundle; includeInIndex = 0; path = ProyFinalTests.xctest; sourceTree = BUILT_PRODUCTS_DIR; };
		CBA3C3462A06E98B003C066B /* ProyFinalTests.swift */ = {isa = PBXFileReference; lastKnownFileType = sourcecode.swift; path = ProyFinalTests.swift; sourceTree = "<group>"; };
		CBA3C34C2A06E98B003C066B /* ProyFinalUITests.xctest */ = {isa = PBXFileReference; explicitFileType = wrapper.cfbundle; includeInIndex = 0; path = ProyFinalUITests.xctest; sourceTree = BUILT_PRODUCTS_DIR; };
		CBA3C3502A06E98B003C066B /* ProyFinalUITests.swift */ = {isa = PBXFileReference; lastKnownFileType = sourcecode.swift; path = ProyFinalUITests.swift; sourceTree = "<group>"; };
		CBA3C3522A06E98B003C066B /* ProyFinalUITestsLaunchTests.swift */ = {isa = PBXFileReference; lastKnownFileType = sourcecode.swift; path = ProyFinalUITestsLaunchTests.swift; sourceTree = "<group>"; };
		CBFA3BCB2A0C1FBC0039B615 /* GoogleService-Info.plist */ = {isa = PBXFileReference; fileEncoding = 4; lastKnownFileType = text.plist.xml; name = "GoogleService-Info.plist"; path = "../../../Downloads/GoogleService-Info.plist"; sourceTree = "<group>"; };
/* End PBXFileReference section */

/* Begin PBXFrameworksBuildPhase section */
		CBA3C32F2A06E98A003C066B /* Frameworks */ = {
			isa = PBXFrameworksBuildPhase;
			buildActionMask = 2147483647;
			files = (
				CBFA3BCF2A0C204A0039B615 /* FirebaseAuth in Frameworks */,
				CBFA3BD12A0C204A0039B615 /* FirebaseFirestore in Frameworks */,
				CBFA3BD32A0C204A0039B615 /* FirebaseFirestoreSwift in Frameworks */,
			);
			runOnlyForDeploymentPostprocessing = 0;
		};
		CBA3C33F2A06E98B003C066B /* Frameworks */ = {
			isa = PBXFrameworksBuildPhase;
			buildActionMask = 2147483647;
			files = (
			);
			runOnlyForDeploymentPostprocessing = 0;
		};
		CBA3C3492A06E98B003C066B /* Frameworks */ = {
			isa = PBXFrameworksBuildPhase;
			buildActionMask = 2147483647;
			files = (
			);
			runOnlyForDeploymentPostprocessing = 0;
		};
/* End PBXFrameworksBuildPhase section */

/* Begin PBXGroup section */
		CBA3C3292A06E98A003C066B = {
			isa = PBXGroup;
			children = (
				CBA3C3342A06E98A003C066B /* ProyFinal */,
				CBA3C3452A06E98B003C066B /* ProyFinalTests */,
				CBA3C34F2A06E98B003C066B /* ProyFinalUITests */,
				CBA3C3332A06E98A003C066B /* Products */,
			);
			sourceTree = "<group>";
		};
		CBA3C3332A06E98A003C066B /* Products */ = {
			isa = PBXGroup;
			children = (
				CBA3C3322A06E98A003C066B /* ProyFinal.app */,
				CBA3C3422A06E98B003C066B /* ProyFinalTests.xctest */,
				CBA3C34C2A06E98B003C066B /* ProyFinalUITests.xctest */,
			);
			name = Products;
			sourceTree = "<group>";
		};
		CBA3C3342A06E98A003C066B /* ProyFinal */ = {
			isa = PBXGroup;
			children = (
				CBA3C3352A06E98A003C066B /* ProyFinalApp.swift */,
				CBA3C3372A06E98A003C066B /* ContentView.swift */,
				CBFA3BCB2A0C1FBC0039B615 /* GoogleService-Info.plist */,
				CBA3C3392A06E98B003C066B /* Assets.xcassets */,
				CBA3C33B2A06E98B003C066B /* Preview Content */,
			);
			path = ProyFinal;
			sourceTree = "<group>";
		};
		CBA3C33B2A06E98B003C066B /* Preview Content */ = {
			isa = PBXGroup;
			children = (
				CBA3C33C2A06E98B003C066B /* Preview Assets.xcassets */,
			);
			path = "Preview Content";
			sourceTree = "<group>";
		};
		CBA3C3452A06E98B003C066B /* ProyFinalTests */ = {
			isa = PBXGroup;
			children = (
				CBA3C3462A06E98B003C066B /* ProyFinalTests.swift */,
			);
			path = ProyFinalTests;
			sourceTree = "<group>";
		};
		CBA3C34F2A06E98B003C066B /* ProyFinalUITests */ = {
			isa = PBXGroup;
			children = (
				CBA3C3502A06E98B003C066B /* ProyFinalUITests.swift */,
				CBA3C3522A06E98B003C066B /* ProyFinalUITestsLaunchTests.swift */,
			);
			path = ProyFinalUITests;
			sourceTree = "<group>";
		};
/* End PBXGroup section */

/* Begin PBXNativeTarget section */
		CBA3C3312A06E98A003C066B /* ProyFinal */ = {
			isa = PBXNativeTarget;
			buildConfigurationList = CBA3C3562A06E98B003C066B /* Build configuration list for PBXNativeTarget "ProyFinal" */;
			buildPhases = (
				CBA3C32E2A06E98A003C066B /* Sources */,
				CBA3C32F2A06E98A003C066B /* Frameworks */,
				CBA3C3302A06E98A003C066B /* Resources */,
			);
			buildRules = (
			);
			dependencies = (
			);
			name = ProyFinal;
			packageProductDependencies = (
				CBFA3BCE2A0C204A0039B615 /* FirebaseAuth */,
				CBFA3BD02A0C204A0039B615 /* FirebaseFirestore */,
				CBFA3BD22A0C204A0039B615 /* FirebaseFirestoreSwift */,
			);
			productName = ProyFinal;
			productReference = CBA3C3322A06E98A003C066B /* ProyFinal.app */;
			productType = "com.apple.product-type.application";
		};
		CBA3C3412A06E98B003C066B /* ProyFinalTests */ = {
			isa = PBXNativeTarget;
			buildConfigurationList = CBA3C3592A06E98B003C066B /* Build configuration list for PBXNativeTarget "ProyFinalTests" */;
			buildPhases = (
				CBA3C33E2A06E98B003C066B /* Sources */,
				CBA3C33F2A06E98B003C066B /* Frameworks */,
				CBA3C3402A06E98B003C066B /* Resources */,
			);
			buildRules = (
			);
			dependencies = (
				CBA3C3442A06E98B003C066B /* PBXTargetDependency */,
			);
			name = ProyFinalTests;
			productName = ProyFinalTests;
			productReference = CBA3C3422A06E98B003C066B /* ProyFinalTests.xctest */;
			productType = "com.apple.product-type.bundle.unit-test";
		};
		CBA3C34B2A06E98B003C066B /* ProyFinalUITests */ = {
			isa = PBXNativeTarget;
			buildConfigurationList = CBA3C35C2A06E98B003C066B /* Build configuration list for PBXNativeTarget "ProyFinalUITests" */;
			buildPhases = (
				CBA3C3482A06E98B003C066B /* Sources */,
				CBA3C3492A06E98B003C066B /* Frameworks */,
				CBA3C34A2A06E98B003C066B /* Resources */,
			);
			buildRules = (
			);
			dependencies = (
				CBA3C34E2A06E98B003C066B /* PBXTargetDependency */,
			);
			name = ProyFinalUITests;
			productName = ProyFinalUITests;
			productReference = CBA3C34C2A06E98B003C066B /* ProyFinalUITests.xctest */;
			productType = "com.apple.product-type.bundle.ui-testing";
		};
/* End PBXNativeTarget section */

/* Begin PBXProject section */
		CBA3C32A2A06E98A003C066B /* Project object */ = {
			isa = PBXProject;
			attributes = {
				BuildIndependentTargetsInParallel = 1;
				LastSwiftUpdateCheck = 1430;
				LastUpgradeCheck = 1430;
				TargetAttributes = {
					CBA3C3312A06E98A003C066B = {
						CreatedOnToolsVersion = 14.3;
					};
					CBA3C3412A06E98B003C066B = {
						CreatedOnToolsVersion = 14.3;
						TestTargetID = CBA3C3312A06E98A003C066B;
					};
					CBA3C34B2A06E98B003C066B = {
						CreatedOnToolsVersion = 14.3;
						TestTargetID = CBA3C3312A06E98A003C066B;
					};
				};
			};
			buildConfigurationList = CBA3C32D2A06E98A003C066B /* Build configuration list for PBXProject "ProyFinal" */;
			compatibilityVersion = "Xcode 14.0";
			developmentRegion = en;
			hasScannedForEncodings = 0;
			knownRegions = (
				en,
				Base,
			);
			mainGroup = CBA3C3292A06E98A003C066B;
			packageReferences = (
				CBFA3BCD2A0C204A0039B615 /* XCRemoteSwiftPackageReference "firebase-ios-sdk" */,
			);
			productRefGroup = CBA3C3332A06E98A003C066B /* Products */;
			projectDirPath = "";
			projectRoot = "";
			targets = (
				CBA3C3312A06E98A003C066B /* ProyFinal */,
				CBA3C3412A06E98B003C066B /* ProyFinalTests */,
				CBA3C34B2A06E98B003C066B /* ProyFinalUITests */,
			);
		};
/* End PBXProject section */

/* Begin PBXResourcesBuildPhase section */
		CBA3C3302A06E98A003C066B /* Resources */ = {
			isa = PBXResourcesBuildPhase;
			buildActionMask = 2147483647;
			files = (
				CBA3C33D2A06E98B003C066B /* Preview Assets.xcassets in Resources */,
				CBA3C33A2A06E98B003C066B /* Assets.xcassets in Resources */,
				CBFA3BCC2A0C1FBC0039B615 /* GoogleService-Info.plist in Resources */,
			);
			runOnlyForDeploymentPostprocessing = 0;
		};
		CBA3C3402A06E98B003C066B /* Resources */ = {
			isa = PBXResourcesBuildPhase;
			buildActionMask = 2147483647;
			files = (
			);
			runOnlyForDeploymentPostprocessing = 0;
		};
		CBA3C34A2A06E98B003C066B /* Resources */ = {
			isa = PBXResourcesBuildPhase;
			buildActionMask = 2147483647;
			files = (
			);
			runOnlyForDeploymentPostprocessing = 0;
		};
/* End PBXResourcesBuildPhase section */

/* Begin PBXSourcesBuildPhase section */
		CBA3C32E2A06E98A003C066B /* Sources */ = {
			isa = PBXSourcesBuildPhase;
			buildActionMask = 2147483647;
			files = (
				CBA3C3382A06E98A003C066B /* ContentView.swift in Sources */,
				CBA3C3362A06E98A003C066B /* ProyFinalApp.swift in Sources */,
			);
			runOnlyForDeploymentPostprocessing = 0;
		};
		CBA3C33E2A06E98B003C066B /* Sources */ = {
			isa = PBXSourcesBuildPhase;
			buildActionMask = 2147483647;
			files = (
				CBA3C3472A06E98B003C066B /* ProyFinalTests.swift in Sources */,
			);
			runOnlyForDeploymentPostprocessing = 0;
		};
		CBA3C3482A06E98B003C066B /* Sources */ = {
			isa = PBXSourcesBuildPhase;
			buildActionMask = 2147483647;
			files = (
				CBA3C3512A06E98B003C066B /* ProyFinalUITests.swift in Sources */,
				CBA3C3532A06E98B003C066B /* ProyFinalUITestsLaunchTests.swift in Sources */,
			);
			runOnlyForDeploymentPostprocessing = 0;
		};
/* End PBXSourcesBuildPhase section */

/* Begin PBXTargetDependency section */
		CBA3C3442A06E98B003C066B /* PBXTargetDependency */ = {
			isa = PBXTargetDependency;
			target = CBA3C3312A06E98A003C066B /* ProyFinal */;
			targetProxy = CBA3C3432A06E98B003C066B /* PBXContainerItemProxy */;
		};
		CBA3C34E2A06E98B003C066B /* PBXTargetDependency */ = {
			isa = PBXTargetDependency;
			target = CBA3C3312A06E98A003C066B /* ProyFinal */;
			targetProxy = CBA3C34D2A06E98B003C066B /* PBXContainerItemProxy */;
		};
/* End PBXTargetDependency section */

/* Begin XCBuildConfiguration section */
		CBA3C3542A06E98B003C066B /* Debug */ = {
			isa = XCBuildConfiguration;
			buildSettings = {
				ALWAYS_SEARCH_USER_PATHS = NO;
				CLANG_ANALYZER_NONNULL = YES;
				CLANG_ANALYZER_NUMBER_OBJECT_CONVERSION = YES_AGGRESSIVE;
				CLANG_CXX_LANGUAGE_STANDARD = "gnu++20";
				CLANG_ENABLE_MODULES = YES;
				CLANG_ENABLE_OBJC_ARC = YES;
				CLANG_ENABLE_OBJC_WEAK = YES;
				CLANG_WARN_BLOCK_CAPTURE_AUTORELEASING = YES;
				CLANG_WARN_BOOL_CONVERSION = YES;
				CLANG_WARN_COMMA = YES;
				CLANG_WARN_CONSTANT_CONVERSION = YES;
				CLANG_WARN_DEPRECATED_OBJC_IMPLEMENTATIONS = YES;
				CLANG_WARN_DIRECT_OBJC_ISA_USAGE = YES_ERROR;
				CLANG_WARN_DOCUMENTATION_COMMENTS = YES;
				CLANG_WARN_EMPTY_BODY = YES;
				CLANG_WARN_ENUM_CONVERSION = YES;
				CLANG_WARN_INFINITE_RECURSION = YES;
				CLANG_WARN_INT_CONVERSION = YES;
				CLANG_WARN_NON_LITERAL_NULL_CONVERSION = YES;
				CLANG_WARN_OBJC_IMPLICIT_RETAIN_SELF = YES;
				CLANG_WARN_OBJC_LITERAL_CONVERSION = YES;
				CLANG_WARN_OBJC_ROOT_CLASS = YES_ERROR;
				CLANG_WARN_QUOTED_INCLUDE_IN_FRAMEWORK_HEADER = YES;
				CLANG_WARN_RANGE_LOOP_ANALYSIS = YES;
				CLANG_WARN_STRICT_PROTOTYPES = YES;
				CLANG_WARN_SUSPICIOUS_MOVE = YES;
				CLANG_WARN_UNGUARDED_AVAILABILITY = YES_AGGRESSIVE;
				CLANG_WARN_UNREACHABLE_CODE = YES;
				CLANG_WARN__DUPLICATE_METHOD_MATCH = YES;
				COPY_PHASE_STRIP = NO;
				DEBUG_INFORMATION_FORMAT = dwarf;
				ENABLE_STRICT_OBJC_MSGSEND = YES;
				ENABLE_TESTABILITY = YES;
				GCC_C_LANGUAGE_STANDARD = gnu11;
				GCC_DYNAMIC_NO_PIC = NO;
				GCC_NO_COMMON_BLOCKS = YES;
				GCC_OPTIMIZATION_LEVEL = 0;
				GCC_PREPROCESSOR_DEFINITIONS = (
					"DEBUG=1",
					"$(inherited)",
				);
				GCC_WARN_64_TO_32_BIT_CONVERSION = YES;
				GCC_WARN_ABOUT_RETURN_TYPE = YES_ERROR;
				GCC_WARN_UNDECLARED_SELECTOR = YES;
				GCC_WARN_UNINITIALIZED_AUTOS = YES_AGGRESSIVE;
				GCC_WARN_UNUSED_FUNCTION = YES;
				GCC_WARN_UNUSED_VARIABLE = YES;
				IPHONEOS_DEPLOYMENT_TARGET = 16.4;
				MTL_ENABLE_DEBUG_INFO = INCLUDE_SOURCE;
				MTL_FAST_MATH = YES;
				ONLY_ACTIVE_ARCH = YES;
				SDKROOT = iphoneos;
				SWIFT_ACTIVE_COMPILATION_CONDITIONS = DEBUG;
				SWIFT_OPTIMIZATION_LEVEL = "-Onone";
			};
			name = Debug;
		};
		CBA3C3552A06E98B003C066B /* Release */ = {
			isa = XCBuildConfiguration;
			buildSettings = {
				ALWAYS_SEARCH_USER_PATHS = NO;
				CLANG_ANALYZER_NONNULL = YES;
				CLANG_ANALYZER_NUMBER_OBJECT_CONVERSION = YES_AGGRESSIVE;
				CLANG_CXX_LANGUAGE_STANDARD = "gnu++20";
				CLANG_ENABLE_MODULES = YES;
				CLANG_ENABLE_OBJC_ARC = YES;
				CLANG_ENABLE_OBJC_WEAK = YES;
				CLANG_WARN_BLOCK_CAPTURE_AUTORELEASING = YES;
				CLANG_WARN_BOOL_CONVERSION = YES;
				CLANG_WARN_COMMA = YES;
				CLANG_WARN_CONSTANT_CONVERSION = YES;
				CLANG_WARN_DEPRECATED_OBJC_IMPLEMENTATIONS = YES;
				CLANG_WARN_DIRECT_OBJC_ISA_USAGE = YES_ERROR;
				CLANG_WARN_DOCUMENTATION_COMMENTS = YES;
				CLANG_WARN_EMPTY_BODY = YES;
				CLANG_WARN_ENUM_CONVERSION = YES;
				CLANG_WARN_INFINITE_RECURSION = YES;
				CLANG_WARN_INT_CONVERSION = YES;
				CLANG_WARN_NON_LITERAL_NULL_CONVERSION = YES;
				CLANG_WARN_OBJC_IMPLICIT_RETAIN_SELF = YES;
				CLANG_WARN_OBJC_LITERAL_CONVERSION = YES;
				CLANG_WARN_OBJC_ROOT_CLASS = YES_ERROR;
				CLANG_WARN_QUOTED_INCLUDE_IN_FRAMEWORK_HEADER = YES;
				CLANG_WARN_RANGE_LOOP_ANALYSIS = YES;
				CLANG_WARN_STRICT_PROTOTYPES = YES;
				CLANG_WARN_SUSPICIOUS_MOVE = YES;
				CLANG_WARN_UNGUARDED_AVAILABILITY = YES_AGGRESSIVE;
				CLANG_WARN_UNREACHABLE_CODE = YES;
				CLANG_WARN__DUPLICATE_METHOD_MATCH = YES;
				COPY_PHASE_STRIP = NO;
				DEBUG_INFORMATION_FORMAT = "dwarf-with-dsym";
				ENABLE_NS_ASSERTIONS = NO;
				ENABLE_STRICT_OBJC_MSGSEND = YES;
				GCC_C_LANGUAGE_STANDARD = gnu11;
				GCC_NO_COMMON_BLOCKS = YES;
				GCC_WARN_64_TO_32_BIT_CONVERSION = YES;
				GCC_WARN_ABOUT_RETURN_TYPE = YES_ERROR;
				GCC_WARN_UNDECLARED_SELECTOR = YES;
				GCC_WARN_UNINITIALIZED_AUTOS = YES_AGGRESSIVE;
				GCC_WARN_UNUSED_FUNCTION = YES;
				GCC_WARN_UNUSED_VARIABLE = YES;
				IPHONEOS_DEPLOYMENT_TARGET = 16.4;
				MTL_ENABLE_DEBUG_INFO = NO;
				MTL_FAST_MATH = YES;
				SDKROOT = iphoneos;
				SWIFT_COMPILATION_MODE = wholemodule;
				SWIFT_OPTIMIZATION_LEVEL = "-O";
				VALIDATE_PRODUCT = YES;
			};
			name = Release;
		};
		CBA3C3572A06E98B003C066B /* Debug */ = {
			isa = XCBuildConfiguration;
			buildSettings = {
				ASSETCATALOG_COMPILER_APPICON_NAME = AppIcon;
				ASSETCATALOG_COMPILER_GLOBAL_ACCENT_COLOR_NAME = AccentColor;
				CODE_SIGN_STYLE = Automatic;
				CURRENT_PROJECT_VERSION = 1;
				DEVELOPMENT_ASSET_PATHS = "\"ProyFinal/Preview Content\"";
				ENABLE_PREVIEWS = YES;
				GENERATE_INFOPLIST_FILE = YES;
				INFOPLIST_KEY_UIApplicationSceneManifest_Generation = YES;
				INFOPLIST_KEY_UIApplicationSupportsIndirectInputEvents = YES;
				INFOPLIST_KEY_UILaunchScreen_Generation = YES;
				INFOPLIST_KEY_UISupportedInterfaceOrientations_iPad = "UIInterfaceOrientationPortrait UIInterfaceOrientationPortraitUpsideDown UIInterfaceOrientationLandscapeLeft UIInterfaceOrientationLandscapeRight";
				INFOPLIST_KEY_UISupportedInterfaceOrientations_iPhone = "UIInterfaceOrientationPortrait UIInterfaceOrientationLandscapeLeft UIInterfaceOrientationLandscapeRight";
				LD_RUNPATH_SEARCH_PATHS = (
					"$(inherited)",
					"@executable_path/Frameworks",
				);
				MARKETING_VERSION = 1.0;
				PRODUCT_BUNDLE_IDENTIFIER = Anahuac.ProyFinal;
				PRODUCT_NAME = "$(TARGET_NAME)";
				SWIFT_EMIT_LOC_STRINGS = YES;
				SWIFT_VERSION = 5.0;
				TARGETED_DEVICE_FAMILY = "1,2";
			};
			name = Debug;
		};
		CBA3C3582A06E98B003C066B /* Release */ = {
			isa = XCBuildConfiguration;
			buildSettings = {
				ASSETCATALOG_COMPILER_APPICON_NAME = AppIcon;
				ASSETCATALOG_COMPILER_GLOBAL_ACCENT_COLOR_NAME = AccentColor;
				CODE_SIGN_STYLE = Automatic;
				CURRENT_PROJECT_VERSION = 1;
				DEVELOPMENT_ASSET_PATHS = "\"ProyFinal/Preview Content\"";
				ENABLE_PREVIEWS = YES;
				GENERATE_INFOPLIST_FILE = YES;
				INFOPLIST_KEY_UIApplicationSceneManifest_Generation = YES;
				INFOPLIST_KEY_UIApplicationSupportsIndirectInputEvents = YES;
				INFOPLIST_KEY_UILaunchScreen_Generation = YES;
				INFOPLIST_KEY_UISupportedInterfaceOrientations_iPad = "UIInterfaceOrientationPortrait UIInterfaceOrientationPortraitUpsideDown UIInterfaceOrientationLandscapeLeft UIInterfaceOrientationLandscapeRight";
				INFOPLIST_KEY_UISupportedInterfaceOrientations_iPhone = "UIInterfaceOrientationPortrait UIInterfaceOrientationLandscapeLeft UIInterfaceOrientationLandscapeRight";
				LD_RUNPATH_SEARCH_PATHS = (
					"$(inherited)",
					"@executable_path/Frameworks",
				);
				MARKETING_VERSION = 1.0;
				PRODUCT_BUNDLE_IDENTIFIER = Anahuac.ProyFinal;
				PRODUCT_NAME = "$(TARGET_NAME)";
				SWIFT_EMIT_LOC_STRINGS = YES;
				SWIFT_VERSION = 5.0;
				TARGETED_DEVICE_FAMILY = "1,2";
			};
			name = Release;
		};
		CBA3C35A2A06E98B003C066B /* Debug */ = {
			isa = XCBuildConfiguration;
			buildSettings = {
				ALWAYS_EMBED_SWIFT_STANDARD_LIBRARIES = YES;
				BUNDLE_LOADER = "$(TEST_HOST)";
				CODE_SIGN_STYLE = Automatic;
				CURRENT_PROJECT_VERSION = 1;
				GENERATE_INFOPLIST_FILE = YES;
				IPHONEOS_DEPLOYMENT_TARGET = 16.4;
				MARKETING_VERSION = 1.0;
				PRODUCT_BUNDLE_IDENTIFIER = Anahuac.ProyFinalTests;
				PRODUCT_NAME = "$(TARGET_NAME)";
				SWIFT_EMIT_LOC_STRINGS = NO;
				SWIFT_VERSION = 5.0;
				TARGETED_DEVICE_FAMILY = "1,2";
				TEST_HOST = "$(BUILT_PRODUCTS_DIR)/ProyFinal.app/$(BUNDLE_EXECUTABLE_FOLDER_PATH)/ProyFinal";
			};
			name = Debug;
		};
		CBA3C35B2A06E98B003C066B /* Release */ = {
			isa = XCBuildConfiguration;
			buildSettings = {
				ALWAYS_EMBED_SWIFT_STANDARD_LIBRARIES = YES;
				BUNDLE_LOADER = "$(TEST_HOST)";
				CODE_SIGN_STYLE = Automatic;
				CURRENT_PROJECT_VERSION = 1;
				GENERATE_INFOPLIST_FILE = YES;
				IPHONEOS_DEPLOYMENT_TARGET = 16.4;
				MARKETING_VERSION = 1.0;
				PRODUCT_BUNDLE_IDENTIFIER = Anahuac.ProyFinalTests;
				PRODUCT_NAME = "$(TARGET_NAME)";
				SWIFT_EMIT_LOC_STRINGS = NO;
				SWIFT_VERSION = 5.0;
				TARGETED_DEVICE_FAMILY = "1,2";
				TEST_HOST = "$(BUILT_PRODUCTS_DIR)/ProyFinal.app/$(BUNDLE_EXECUTABLE_FOLDER_PATH)/ProyFinal";
			};
			name = Release;
		};
		CBA3C35D2A06E98B003C066B /* Debug */ = {
			isa = XCBuildConfiguration;
			buildSettings = {
				ALWAYS_EMBED_SWIFT_STANDARD_LIBRARIES = YES;
				CODE_SIGN_STYLE = Automatic;
				CURRENT_PROJECT_VERSION = 1;
				GENERATE_INFOPLIST_FILE = YES;
				MARKETING_VERSION = 1.0;
				PRODUCT_BUNDLE_IDENTIFIER = Anahuac.ProyFinalUITests;
				PRODUCT_NAME = "$(TARGET_NAME)";
				SWIFT_EMIT_LOC_STRINGS = NO;
				SWIFT_VERSION = 5.0;
				TARGETED_DEVICE_FAMILY = "1,2";
				TEST_TARGET_NAME = ProyFinal;
			};
			name = Debug;
		};
		CBA3C35E2A06E98B003C066B /* Release */ = {
			isa = XCBuildConfiguration;
			buildSettings = {
				ALWAYS_EMBED_SWIFT_STANDARD_LIBRARIES = YES;
				CODE_SIGN_STYLE = Automatic;
				CURRENT_PROJECT_VERSION = 1;
				GENERATE_INFOPLIST_FILE = YES;
				MARKETING_VERSION = 1.0;
				PRODUCT_BUNDLE_IDENTIFIER = Anahuac.ProyFinalUITests;
				PRODUCT_NAME = "$(TARGET_NAME)";
				SWIFT_EMIT_LOC_STRINGS = NO;
				SWIFT_VERSION = 5.0;
				TARGETED_DEVICE_FAMILY = "1,2";
				TEST_TARGET_NAME = ProyFinal;
			};
			name = Release;
		};
/* End XCBuildConfiguration section */

/* Begin XCConfigurationList section */
		CBA3C32D2A06E98A003C066B /* Build configuration list for PBXProject "ProyFinal" */ = {
			isa = XCConfigurationList;
			buildConfigurations = (
				CBA3C3542A06E98B003C066B /* Debug */,
				CBA3C3552A06E98B003C066B /* Release */,
			);
			defaultConfigurationIsVisible = 0;
			defaultConfigurationName = Release;
		};
		CBA3C3562A06E98B003C066B /* Build configuration list for PBXNativeTarget "ProyFinal" */ = {
			isa = XCConfigurationList;
			buildConfigurations = (
				CBA3C3572A06E98B003C066B /* Debug */,
				CBA3C3582A06E98B003C066B /* Release */,
			);
			defaultConfigurationIsVisible = 0;
			defaultConfigurationName = Release;
		};
		CBA3C3592A06E98B003C066B /* Build configuration list for PBXNativeTarget "ProyFinalTests" */ = {
			isa = XCConfigurationList;
			buildConfigurations = (
				CBA3C35A2A06E98B003C066B /* Debug */,
				CBA3C35B2A06E98B003C066B /* Release */,
			);
			defaultConfigurationIsVisible = 0;
			defaultConfigurationName = Release;
		};
		CBA3C35C2A06E98B003C066B /* Build configuration list for PBXNativeTarget "ProyFinalUITests" */ = {
			isa = XCConfigurationList;
			buildConfigurations = (
				CBA3C35D2A06E98B003C066B /* Debug */,
				CBA3C35E2A06E98B003C066B /* Release */,
			);
			defaultConfigurationIsVisible = 0;
			defaultConfigurationName = Release;
		};
/* End XCConfigurationList section */

/* Begin XCRemoteSwiftPackageReference section */
		CBFA3BCD2A0C204A0039B615 /* XCRemoteSwiftPackageReference "firebase-ios-sdk" */ = {
			isa = XCRemoteSwiftPackageReference;
			repositoryURL = "https://github.com/firebase/firebase-ios-sdk";
			requirement = {
				kind = upToNextMajorVersion;
				minimumVersion = 10.0.0;
			};
		};
/* End XCRemoteSwiftPackageReference section */

/* Begin XCSwiftPackageProductDependency section */
		CBFA3BCE2A0C204A0039B615 /* FirebaseAuth */ = {
			isa = XCSwiftPackageProductDependency;
			package = CBFA3BCD2A0C204A0039B615 /* XCRemoteSwiftPackageReference "firebase-ios-sdk" */;
			productName = FirebaseAuth;
		};
		CBFA3BD02A0C204A0039B615 /* FirebaseFirestore */ = {
			isa = XCSwiftPackageProductDependency;
			package = CBFA3BCD2A0C204A0039B615 /* XCRemoteSwiftPackageReference "firebase-ios-sdk" */;
			productName = FirebaseFirestore;
		};
		CBFA3BD22A0C204A0039B615 /* FirebaseFirestoreSwift */ = {
			isa = XCSwiftPackageProductDependency;
			package = CBFA3BCD2A0C204A0039B615 /* XCRemoteSwiftPackageReference "firebase-ios-sdk" */;
			productName = FirebaseFirestoreSwift;
		};
/* End XCSwiftPackageProductDependency section */
	};
	rootObject = CBA3C32A2A06E98A003C066B /* Project object */;
}
